{
  "version": 1,
  "dependencies": {
    "net8.0-windows7.0": {
      "NAudio.Core": {
        "type": "Direct",
        "requested": "[2.2.1, )",
        "resolved": "2.2.1",
        "contentHash": "GgkdP6K/7FqXFo7uHvoqGZTJvW4z8g2IffhOO4JHaLzKCdDOUEzVKtveoZkCuUX8eV2HAINqi7VFqlFndrnz/g=="
      },
      "org.k2fsa.sherpa.onnx": {
        "type": "Direct",
        "requested": "[1.13.3, )",
        "resolved": "1.13.3",
        "contentHash": "cIcKeZHkw0/6J5Prt3o6Tu3ozDRnQOQNcAOnodw41tDtcHeie84rBH/kOhpRq9Ct0GG+lud03gMQkwshbXiNpQ==",
        "dependencies": {
          "org.k2fsa.sherpa.onnx.runtime.android-arm64": "1.13.3",
          "org.k2fsa.sherpa.onnx.runtime.linux-arm64": "1.13.3",
          "org.k2fsa.sherpa.onnx.runtime.linux-x64": "1.13.3",
          "org.k2fsa.sherpa.onnx.runtime.osx-arm64": "1.13.3",
          "org.k2fsa.sherpa.onnx.runtime.osx-x64": "1.13.3",
          "org.k2fsa.sherpa.onnx.runtime.win-arm64": "1.13.3",
          "org.k2fsa.sherpa.onnx.runtime.win-x64": "1.13.3",
          "org.k2fsa.sherpa.onnx.runtime.win-x86": "1.13.3"
        }
      },
      "org.k2fsa.sherpa.onnx.runtime.android-arm64": {
        "type": "Transitive",
        "resolved": "1.13.3",
        "contentHash": "vVernee7zQ4DspV73c5vFQA/EHWFFBbkRfeMLUDsaIHiANPM9viNmfy+4WDqpC9UgZWQHKW3yy8HyP1SGe54Jg=="
      },
      "org.k2fsa.sherpa.onnx.runtime.linux-arm64": {
        "type": "Transitive",
        "resolved": "1.13.3",
        "contentHash": "9I/Z6CO35rSoZce9ycjTxfLJJEUzvRj0h9mK+XACPSaXBDfJBsfVPCf8Kl8iO56Pl+ZCE/kch48c/WGeaZBTBA=="
      },
      "org.k2fsa.sherpa.onnx.runtime.linux-x64": {
        "type": "Transitive",
        "resolved": "1.13.3",
        "contentHash": "Pp1o4CFwHWw0pb21unznIavQNFPy/Mp+zQfAfV57c/W3JJ9GmzxSUQ1Kb54LjgeRzsE7SP1KnuSm3+UWQlz8Gw=="
      },
      "org.k2fsa.sherpa.onnx.runtime.osx-arm64": {
        "type": "Transitive",
        "resolved": "1.13.3",
        "contentHash": "LSc49fLcGzoL7b3KGFD4O50qWVhflLMG+biLOkthTaQr5IewPCT8USIzn4wsj9ORvzIYbaHWb3UyOrXHREoQXA=="
      },
      "org.k2fsa.sherpa.onnx.runtime.osx-x64": {
        "type": "Transitive",
        "resolved": "1.13.3",
        "contentHash": "V2P5DN7Pjc6bJWLiXbgSs5U+1UAg+6Y3zbkC3CO+2ToqmOjN3y2z0ulDJnwpt1DeX+5M5gmdSfs6x7dS7lGETw=="
      },
      "org.k2fsa.sherpa.onnx.runtime.win-arm64": {
        "type": "Transitive",
        "resolved": "1.13.3",
        "contentHash": "Ot504lFVz9cONeGQtXW9bxLpAho1br1syIEneFcEbXHtoupAXqztVqOTZmoqedZh4xLIT5WomoxKHZfl3q/qEg=="
      },
      "org.k2fsa.sherpa.onnx.runtime.win-x64": {
        "type": "Transitive",
        "resolved": "1.13.3",
        "contentHash": "cmd+ujBqn+DAVk1unOarHEbfAKbvp0QnUwEq5wWvo5JADlJQsdVfVZFKO3ZZQIscu19Aj30io6ruWTGxB52YZw=="
      },
      "org.k2fsa.sherpa.onnx.runtime.win-x86": {
        "type": "Transitive",
        "resolved": "1.13.3",
        "contentHash": "0Wf8Gz3mzNfxNxo00niepE2QEk9mXmYv2QK39Mn6WAvaIMuN3zXUdFzbcx5cd/MH69HHCALN0DwrWHEBayjFTQ=="
      }
    },
    "net8.0-windows7.0/win-x64": {
      "org.k2fsa.sherpa.onnx.runtime.android-arm64": {
        "type": "Transitive",
        "resolved": "1.13.3",
        "contentHash": "vVernee7zQ4DspV73c5vFQA/EHWFFBbkRfeMLUDsaIHiANPM9viNmfy+4WDqpC9UgZWQHKW3yy8HyP1SGe54Jg=="
      },
      "org.k2fsa.sherpa.onnx.runtime.linux-arm64": {
        "type": "Transitive",
        "resolved": "1.13.3",
        "contentHash": "9I/Z6CO35rSoZce9ycjTxfLJJEUzvRj0h9mK+XACPSaXBDfJBsfVPCf8Kl8iO56Pl+ZCE/kch48c/WGeaZBTBA=="
      },
      "org.k2fsa.sherpa.onnx.runtime.linux-x64": {
        "type": "Transitive",
        "resolved": "1.13.3",
        "contentHash": "Pp1o4CFwHWw0pb21unznIavQNFPy/Mp+zQfAfV57c/W3JJ9GmzxSUQ1Kb54LjgeRzsE7SP1KnuSm3+UWQlz8Gw=="
      },
      "org.k2fsa.sherpa.onnx.runtime.osx-arm64": {
        "type": "Transitive",
        "resolved": "1.13.3",
        "contentHash": "LSc49fLcGzoL7b3KGFD4O50qWVhflLMG+biLOkthTaQr5IewPCT8USIzn4wsj9ORvzIYbaHWb3UyOrXHREoQXA=="
      },
      "org.k2fsa.sherpa.onnx.runtime.osx-x64": {
        "type": "Transitive",
        "resolved": "1.13.3",
        "contentHash": "V2P5DN7Pjc6bJWLiXbgSs5U+1UAg+6Y3zbkC3CO+2ToqmOjN3y2z0ulDJnwpt1DeX+5M5gmdSfs6x7dS7lGETw=="
      },
      "org.k2fsa.sherpa.onnx.runtime.win-arm64": {
        "type": "Transitive",
        "resolved": "1.13.3",
        "contentHash": "Ot504lFVz9cONeGQtXW9bxLpAho1br1syIEneFcEbXHtoupAXqztVqOTZmoqedZh4xLIT5WomoxKHZfl3q/qEg=="
      },
      "org.k2fsa.sherpa.onnx.runtime.win-x64": {
        "type": "Transitive",
        "resolved": "1.13.3",
        "contentHash": "cmd+ujBqn+DAVk1unOarHEbfAKbvp0QnUwEq5wWvo5JADlJQsdVfVZFKO3ZZQIscu19Aj30io6ruWTGxB52YZw=="
      },
      "org.k2fsa.sherpa.onnx.runtime.win-x86": {
        "type": "Transitive",
        "resolved": "1.13.3",
        "contentHash": "0Wf8Gz3mzNfxNxo00niepE2QEk9mXmYv2QK39Mn6WAvaIMuN3zXUdFzbcx5cd/MH69HHCALN0DwrWHEBayjFTQ=="
      }
    }
  }
}